
Microsoft Visual Studio Solution File, Format Version 12.00
# Visual Studio Version 16
VisualStudioVersion = 16.0.31613.86
MinimumVisualStudioVersion = 10.0.40219.1
Project("{9A19103F-16F7-4668-BE54-9A1E7A4F7556}") = "Vector2D", "Vector2D\Vector2D.csproj", "{DED59D37-BB2E-4576-9B1A-9F5A27F3FFB9}"
EndProject
Project("{FAE04EC0-301F-11D3-BF4B-00C04F79EFBC}") = "Resources", "Resources\Resources.csproj", "{F2C314D9-9631-4702-B193-55990746BCA4}"
EndProject
Project("{FAE04EC0-301F-11D3-BF4B-00C04F79EFBC}") = "View", "ClientView\View.csproj", "{C373FB07-EEFB-49C0-AB53-903376F484D3}"
EndProject
Project("{9A19103F-16F7-4668-BE54-9A1E7A4F7556}") = "GameController", "GameController\GameController.csproj", "{CA2562D3-6D6E-45DB-9ABC-A224AFDD80E8}"
EndProject
Project("{9A19103F-16F7-4668-BE54-9A1E7A4F7556}") = "World", "TheWorld\World.csproj", "{ED6751B8-0622-4477-8885-7F869DA0B91F}"
EndProject
Project("{FAE04EC0-301F-11D3-BF4B-00C04F79EFBC}") = "DrawingPanel", "DrawingPanel\DrawingPanel.csproj", "{6AED4728-3579-4345-8923-FE94CFAF86A1}"
EndProject
Project("{FAE04EC0-301F-11D3-BF4B-00C04F79EFBC}") = "Server", "Server\Server.csproj", "{52972E26-445D-4CCB-BC5A-0856F8DAFAA8}"
EndProject
Global
	GlobalSection(SolutionConfigurationPlatforms) = preSolution
		Debug|Any CPU = Debug|Any CPU
		Release|Any CPU = Release|Any CPU
	EndGlobalSection
	GlobalSection(ProjectConfigurationPlatforms) = postSolution
		{DED59D37-BB2E-4576-9B1A-9F5A27F3FFB9}.Debug|Any CPU.ActiveCfg = Debug|Any CPU
		{DED59D37-BB2E-4576-9B1A-9F5A27F3FFB9}.Debug|Any CPU.Build.0 = Debug|Any CPU
		{DED59D37-BB2E-4576-9B1A-9F5A27F3FFB9}.Release|Any CPU.ActiveCfg = Release|Any CPU
		{DED59D37-BB2E-4576-9B1A-9F5A27F3FFB9}.Release|Any CPU.Build.0 = Release|Any CPU
		{F2C314D9-9631-4702-B193-55990746BCA4}.Debug|Any CPU.ActiveCfg = Debug|Any CPU
		{F2C314D9-9631-4702-B193-55990746BCA4}.Release|Any CPU.ActiveCfg = Release|Any CPU
		{F2C314D9-9631-4702-B193-55990746BCA4}.Release|Any CPU.Build.0 = Release|Any CPU
		{C373FB07-EEFB-49C0-AB53-903376F484D3}.Debug|Any CPU.ActiveCfg = Debug|Any CPU
		{C373FB07-EEFB-49C0-AB53-903376F484D3}.Debug|Any CPU.Build.0 = Debug|Any CPU
		{C373FB07-EEFB-49C0-AB53-903376F484D3}.Release|Any CPU.ActiveCfg = Release|Any CPU
		{C373FB07-EEFB-49C0-AB53-903376F484D3}.Release|Any CPU.Build.0 = Release|Any CPU
		{CA2562D3-6D6E-45DB-9ABC-A224AFDD80E8}.Debug|Any CPU.ActiveCfg = Debug|Any CPU
		{CA2562D3-6D6E-45DB-9ABC-A224AFDD80E8}.Debug|Any CPU.Build.0 = Debug|Any CPU
		{CA2562D3-6D6E-45DB-9ABC-A224AFDD80E8}.Release|Any CPU.ActiveCfg = Release|Any CPU
		{CA2562D3-6D6E-45DB-9ABC-A224AFDD80E8}.Release|Any CPU.Build.0 = Release|Any CPU
		{ED6751B8-0622-4477-8885-7F869DA0B91F}.Debug|Any CPU.ActiveCfg = Debug|Any CPU
		{ED6751B8-0622-4477-8885-7F869DA0B91F}.Debug|Any CPU.Build.0 = Debug|Any CPU
		{ED6751B8-0622-4477-8885-7F869DA0B91F}.Release|Any CPU.ActiveCfg = Release|Any CPU
		{ED6751B8-0622-4477-8885-7F869DA0B91F}.Release|Any CPU.Build.0 = Release|Any CPU
		{6AED4728-3579-4345-8923-FE94CFAF86A1}.Debug|Any CPU.ActiveCfg = Debug|Any CPU
		{6AED4728-3579-4345-8923-FE94CFAF86A1}.Debug|Any CPU.Build.0 = Debug|Any CPU
		{6AED4728-3579-4345-8923-FE94CFAF86A1}.Release|Any CPU.ActiveCfg = Release|Any CPU
		{6AED4728-3579-4345-8923-FE94CFAF86A1}.Release|Any CPU.Build.0 = Release|Any CPU
		{52972E26-445D-4CCB-BC5A-0856F8DAFAA8}.Debug|Any CPU.ActiveCfg = Debug|Any CPU
		{52972E26-445D-4CCB-BC5A-0856F8DAFAA8}.Debug|Any CPU.Build.0 = Debug|Any CPU
		{52972E26-445D-4CCB-BC5A-0856F8DAFAA8}.Release|Any CPU.ActiveCfg = Release|Any CPU
		{52972E26-445D-4CCB-BC5A-0856F8DAFAA8}.Release|Any CPU.Build.0 = Release|Any CPU
	EndGlobalSection
	GlobalSection(SolutionProperties) = preSolution
		HideSolutionNode = FALSE
	EndGlobalSection
	GlobalSection(ExtensibilityGlobals) = postSolution
		SolutionGuid = {E73C6DFC-3D5B-45F4-B63A-D5E4C4E125AD}
	EndGlobalSection
EndGlobal
